
Microsoft Visual Studio Solution File, Format Version 12.00
# Visual Studio Version 17
VisualStudioVersion = 17.7.34221.43
MinimumVisualStudioVersion = 10.0.40219.1
Project("{FAE04EC0-301F-11D3-BF4B-00C04F79EFBC}") = "RabbitMQConsumerInveonOrnek", "RabbitMQConsumerInveonOrnek\RabbitMQConsumerInveonOrnek.csproj", "{348D968C-0EFF-4712-813D-40D654813713}"
EndProject
Global
	GlobalSection(SolutionConfigurationPlatforms) = preSolution
		Debug|Any CPU = Debug|Any CPU
		Release|Any CPU = Release|Any CPU
	EndGlobalSection
	GlobalSection(ProjectConfigurationPlatforms) = postSolution
		{348D968C-0EFF-4712-813D-40D654813713}.Debug|Any CPU.ActiveCfg = Debug|Any CPU
		{348D968C-0EFF-4712-813D-40D654813713}.Debug|Any CPU.Build.0 = Debug|Any CPU
		{348D968C-0EFF-4712-813D-40D654813713}.Release|Any CPU.ActiveCfg = Release|Any CPU
		{348D968C-0EFF-4712-813D-40D654813713}.Release|Any CPU.Build.0 = Release|Any CPU
	EndGlobalSection
	GlobalSection(SolutionProperties) = preSolution
		HideSolutionNode = FALSE
	EndGlobalSection
	GlobalSection(ExtensibilityGlobals) = postSolution
		SolutionGuid = {C1586CCE-85C6-46E9-9FC6-6F53BD72ABE9}
	EndGlobalSection
EndGlobal
